
Microsoft Visual Studio Solution File, Format Version 12.00
# Visual Studio Version 17
VisualStudioVersion = 17.8.34316.72
MinimumVisualStudioVersion = 10.0.40219.1
Project("{9A19103F-16F7-4668-BE54-9A1E7A4F7556}") = "Front", "Front\Front\Front.csproj", "{ACDEC7BD-234D-4E4C-A5BA-CBD9090E0629}"
EndProject
Project("{9A19103F-16F7-4668-BE54-9A1E7A4F7556}") = "Front.Client", "Front\Front.Client\Front.Client.csproj", "{F98EB11C-5E78-44A6-9574-C08F720F697D}"
EndProject
Global
	GlobalSection(SolutionConfigurationPlatforms) = preSolution
		Debug|Any CPU = Debug|Any CPU
		Release|Any CPU = Release|Any CPU
	EndGlobalSection
	GlobalSection(ProjectConfigurationPlatforms) = postSolution
		{ACDEC7BD-234D-4E4C-A5BA-CBD9090E0629}.Debug|Any CPU.ActiveCfg = Debug|Any CPU
		{ACDEC7BD-234D-4E4C-A5BA-CBD9090E0629}.Debug|Any CPU.Build.0 = Debug|Any CPU
		{ACDEC7BD-234D-4E4C-A5BA-CBD9090E0629}.Release|Any CPU.ActiveCfg = Release|Any CPU
		{ACDEC7BD-234D-4E4C-A5BA-CBD9090E0629}.Release|Any CPU.Build.0 = Release|Any CPU
		{F98EB11C-5E78-44A6-9574-C08F720F697D}.Debug|Any CPU.ActiveCfg = Debug|Any CPU
		{F98EB11C-5E78-44A6-9574-C08F720F697D}.Debug|Any CPU.Build.0 = Debug|Any CPU
		{F98EB11C-5E78-44A6-9574-C08F720F697D}.Release|Any CPU.ActiveCfg = Release|Any CPU
		{F98EB11C-5E78-44A6-9574-C08F720F697D}.Release|Any CPU.Build.0 = Release|Any CPU
	EndGlobalSection
	GlobalSection(SolutionProperties) = preSolution
		HideSolutionNode = FALSE
	EndGlobalSection
	GlobalSection(ExtensibilityGlobals) = postSolution
		SolutionGuid = {DA9943C7-6912-4CB4-9973-A4229A2590AE}
	EndGlobalSection
EndGlobal
